<?xml version="1.0" encoding="utf-8"?>
<Project ToolsVersion="4.0" xmlns="http://schemas.microsoft.com/developer/msbuild/2003">
  <ItemGroup>
    <Filter Include="源文件">
      <UniqueIdentifier>{4FC737F1-C7A5-4376-A066-2A32D752A2FF}</UniqueIdentifier>
      <Extensions>cpp;c;cc;cxx;def;odl;idl;hpj;bat;asm;asmx</Extensions>
    </Filter>
    <Filter Include="头文件">
      <UniqueIdentifier>{93995380-89BD-4b04-88EB-625FBE52EBFB}</UniqueIdentifier>
      <Extensions>h;hh;hpp;hxx;hm;inl;inc;xsd</Extensions>
    </Filter>
    <Filter Include="资源文件">
      <UniqueIdentifier>{67DA6AB6-F800-4c08-8B7A-83BB121AAD01}</UniqueIdentifier>
      <Extensions>rc;ico;cur;bmp;dlg;rc2;rct;bin;rgs;gif;jpg;jpeg;jpe;resx;tiff;tif;png;wav;mfcribbon-ms</Extensions>
    </Filter>
    <Filter Include="Common">
      <UniqueIdentifier>{297a4646-4499-4646-9bd4-29ac0db8a70e}</UniqueIdentifier>
    </Filter>
    <Filter Include="Textures">
      <UniqueIdentifier>{dc6bc6ed-f08b-406e-9e10-abafbe8942cb}</UniqueIdentifier>
    </Filter>
    <Filter Include="FX">
      <UniqueIdentifier>{2e58015a-1b74-4dc7-826c-b30d83246b0f}</UniqueIdentifier>
    </Filter>
  </ItemGroup>
  <ItemGroup>
    <Image Include="..\Textures\black.dds">
      <Filter>Textures</Filter>
    </Image>
    <Image Include="..\Textures\box.dds">
      <Filter>Textures</Filter>
    </Image>
    <Image Include="..\Textures\bricks.dds">
      <Filter>Textures</Filter>
    </Image>
    <Image Include="..\Textures\desertcube1024.dds">
      <Filter>Textures</Filter>
    </Image>
    <Image Include="..\Textures\floor.dds">
      <Filter>Textures</Filter>
    </Image>
    <Image Include="..\Textures\grasscube1024.dds">
      <Filter>Textures</Filter>
    </Image>
    <Image Include="..\Textures\red.dds">
      <Filter>Textures</Filter>
    </Image>
    <Image Include="..\Textures\snow.dds">
      <Filter>Textures</Filter>
    </Image>
    <Image Include="..\Textures\snowcube1024.dds">
      <Filter>Textures</Filter>
    </Image>
    <Image Include="..\Textures\snowfloor.dds">
      <Filter>Textures</Filter>
    </Image>
    <Image Include="..\Textures\snowman.dds">
      <Filter>Textures</Filter>
    </Image>
    <Image Include="..\Textures\stone.dds">
      <Filter>Textures</Filter>
    </Image>
    <Image Include="..\Textures\sunsetcube1024.dds">
      <Filter>Textures</Filter>
    </Image>
    <Image Include="Textures\snow1.dds">
      <Filter>Textures</Filter>
    </Image>
    <Image Include="Textures\blend.dds">
      <Filter>Textures</Filter>
    </Image>
    <Image Include="Textures\layer.dds">
      <Filter>Textures</Filter>
    </Image>
    <Image Include="Textures\raindrop.dds">
      <Filter>Textures</Filter>
    </Image>
    <Image Include="Textures\terrain.dds">
      <Filter>Textures</Filter>
    </Image>
  </ItemGroup>
  <ItemGroup>
    <ClCompile Include="Common\Camera.cpp">
      <Filter>Common</Filter>
    </ClCompile>
    <ClCompile Include="Common\d3dApp.cpp">
      <Filter>Common</Filter>
    </ClCompile>
    <ClCompile Include="Common\d3dUtil.cpp">
      <Filter>Common</Filter>
    </ClCompile>
    <ClCompile Include="Common\DDSTextureLoader.cpp">
      <Filter>Common</Filter>
    </ClCompile>
    <ClCompile Include="Common\dxerr.cpp">
      <Filter>Common</Filter>
    </ClCompile>
    <ClCompile Include="Common\GameTimer.cpp">
      <Filter>Common</Filter>
    </ClCompile>
    <ClCompile Include="Common\GeometryGenerator.cpp">
      <Filter>Common</Filter>
    </ClCompile>
    <ClCompile Include="Common\LightHelper.cpp">
      <Filter>Common</Filter>
    </ClCompile>
    <ClCompile Include="Common\MathHelper.cpp">
      <Filter>Common</Filter>
    </ClCompile>
    <ClCompile Include="Common\TextureMgr.cpp">
      <Filter>Common</Filter>
    </ClCompile>
    <ClCompile Include="Common\Waves.cpp">
      <Filter>Common</Filter>
    </ClCompile>
    <ClCompile Include="Effects.cpp">
      <Filter>源文件</Filter>
    </ClCompile>
    <ClCompile Include="RenderStates.cpp">
      <Filter>源文件</Filter>
    </ClCompile>
    <ClCompile Include="Sky.cpp">
      <Filter>源文件</Filter>
    </ClCompile>
    <ClCompile Include="SnowSceneDemo.cpp">
      <Filter>源文件</Filter>
    </ClCompile>
    <ClCompile Include="Vertex.cpp">
      <Filter>源文件</Filter>
    </ClCompile>
    <ClCompile Include="Snowman.cpp">
      <Filter>源文件</Filter>
    </ClCompile>
    <ClCompile Include="ParticleSystem.cpp">
      <Filter>源文件</Filter>
    </ClCompile>
    <ClCompile Include="Terrain.cpp">
      <Filter>源文件</Filter>
    </ClCompile>
  </ItemGroup>
  <ItemGroup>
    <ClInclude Include="Common\Camera.h">
      <Filter>Common</Filter>
    </ClInclude>
    <ClInclude Include="Common\d3dApp.h">
      <Filter>Common</Filter>
    </ClInclude>
    <ClInclude Include="Common\d3dUtil.h">
      <Filter>Common</Filter>
    </ClInclude>
    <ClInclude Include="Common\d3dx11effect.h">
      <Filter>Common</Filter>
    </ClInclude>
    <ClInclude Include="Common\DDSTextureLoader.h">
      <Filter>Common</Filter>
    </ClInclude>
    <ClInclude Include="Common\dxerr.h">
      <Filter>Common</Filter>
    </ClInclude>
    <ClInclude Include="Common\GameTimer.h">
      <Filter>Common</Filter>
    </ClInclude>
    <ClInclude Include="Common\GeometryGenerator.h">
      <Filter>Common</Filter>
    </ClInclude>
    <ClInclude Include="Common\LightHelper.h">
      <Filter>Common</Filter>
    </ClInclude>
    <ClInclude Include="Common\MathHelper.h">
      <Filter>Common</Filter>
    </ClInclude>
    <ClInclude Include="Common\TextureMgr.h">
      <Filter>Common</Filter>
    </ClInclude>
    <ClInclude Include="Common\Waves.h">
      <Filter>Common</Filter>
    </ClInclude>
    <ClInclude Include="Effects.h">
      <Filter>头文件</Filter>
    </ClInclude>
    <ClInclude Include="RenderStates.h">
      <Filter>头文件</Filter>
    </ClInclude>
    <ClInclude Include="Sky.h">
      <Filter>头文件</Filter>
    </ClInclude>
    <ClInclude Include="Vertex.h">
      <Filter>头文件</Filter>
    </ClInclude>
    <ClInclude Include="Snowman.h">
      <Filter>头文件</Filter>
    </ClInclude>
    <ClInclude Include="ParticleSystem.h">
      <Filter>头文件</Filter>
    </ClInclude>
    <ClInclude Include="Terrain.h">
      <Filter>头文件</Filter>
    </ClInclude>
  </ItemGroup>
  <ItemGroup>
    <CustomBuild Include="FX\Basic.fx">
      <Filter>FX</Filter>
    </CustomBuild>
    <CustomBuild Include="FX\LightHelper.fx">
      <Filter>FX</Filter>
    </CustomBuild>
    <CustomBuild Include="FX\Sky.fx">
      <Filter>FX</Filter>
    </CustomBuild>
    <CustomBuild Include="FX\Fire.fx">
      <Filter>FX</Filter>
    </CustomBuild>
    <CustomBuild Include="FX\Rain.fx">
      <Filter>FX</Filter>
    </CustomBuild>
    <CustomBuild Include="FX\Snow.fx">
      <Filter>FX</Filter>
    </CustomBuild>
    <CustomBuild Include="FX\Terrain.fx">
      <Filter>FX</Filter>
    </CustomBuild>
  </ItemGroup>
</Project>